
Microsoft Visual Studio Solution File, Format Version 12.00
# Visual Studio Version 17
VisualStudioVersion = 17.0.32126.317
MinimumVisualStudioVersion = 10.0.40219.1
Project("{2150E333-8FDC-42A3-9474-1A3956D46DE8}") = "Services", "Services", "{04FEA073-B130-4283-992C-2852F5DBF06E}"
EndProject
Project("{2150E333-8FDC-42A3-9474-1A3956D46DE8}") = "Catalog", "Catalog", "{ED7D0093-67AF-4327-819D-CD65665E2BF8}"
EndProject
Project("{9A19103F-16F7-4668-BE54-9A1E7A4F7556}") = "Catalog.API", "Services\Catalog\Catalog.API\Catalog.API.csproj", "{F40A223E-4EBE-4E72-92A2-DD4B71018442}"
EndProject
Project("{E53339B2-1760-4266-BCC7-CA923CBCF16C}") = "docker-compose", "docker-compose.dcproj", "{66E35E17-D58F-46D6-93FA-0243DE156914}"
EndProject
Project("{2150E333-8FDC-42A3-9474-1A3956D46DE8}") = "Basket", "Basket", "{BD351691-1D3C-4A5A-AA07-5B650CC604EC}"
EndProject
Project("{9A19103F-16F7-4668-BE54-9A1E7A4F7556}") = "Basket.API", "Services\Basket\Basket.API\Basket.API.csproj", "{C5FD2E45-2A19-45E1-BAE1-79F4204205E4}"
EndProject
Project("{2150E333-8FDC-42A3-9474-1A3956D46DE8}") = "Discount", "Discount", "{D19D0635-2A4B-4549-A03C-00C1037DF7E8}"
EndProject
Project("{9A19103F-16F7-4668-BE54-9A1E7A4F7556}") = "Discount.API", "Services\Discount\Discount.API\Discount.API.csproj", "{0344D57F-6CED-48C2-9328-09BA370CA7B5}"
EndProject
Project("{9A19103F-16F7-4668-BE54-9A1E7A4F7556}") = "Discount.Grpc", "Services\Discount\Discount.Grpc\Discount.Grpc.csproj", "{EC448166-2A68-44C7-BADD-A77B2CAB43D1}"
EndProject
Project("{2150E333-8FDC-42A3-9474-1A3956D46DE8}") = "Ordering", "Ordering", "{D74A4B5B-F432-49AD-A0B1-5AE300029AC1}"
EndProject
Project("{9A19103F-16F7-4668-BE54-9A1E7A4F7556}") = "Ordering.API", "Services\Ordering\Ordering.API\Ordering.API.csproj", "{C6C2CC31-1C3C-4F73-9333-663CAE740DC1}"
EndProject
Project("{9A19103F-16F7-4668-BE54-9A1E7A4F7556}") = "Ordering.Domain", "Services\Ordering\Ordering.Domain\Ordering.Domain.csproj", "{DB3B2926-9E88-4F17-9EB7-56FA2E772C17}"
EndProject
Project("{9A19103F-16F7-4668-BE54-9A1E7A4F7556}") = "Ordering.Application", "Services\Ordering\Ordering.Application\Ordering.Application.csproj", "{3188966B-CBDB-4906-A20B-89F17B3BCF74}"
EndProject
Project("{9A19103F-16F7-4668-BE54-9A1E7A4F7556}") = "Ordering.Infrastructure", "Services\Ordering\Ordering.Infrastructure\Ordering.Infrastructure.csproj", "{1A755ACB-B8DA-4B7C-973F-C6F25B8F0373}"
EndProject
Project("{2150E333-8FDC-42A3-9474-1A3956D46DE8}") = "BuildingBlocks", "BuildingBlocks", "{6C0B3B7F-7AB0-4A95-BF43-AE6AC2369283}"
EndProject
Project("{9A19103F-16F7-4668-BE54-9A1E7A4F7556}") = "EvetBus.Messages", "BuildingBlocks\EvetBus.Messages\EvetBus.Messages.csproj", "{5A2CB35A-B919-4531-96A9-42C11FE6CF5A}"
EndProject
Project("{2150E333-8FDC-42A3-9474-1A3956D46DE8}") = "ApiGateways", "ApiGateways", "{AD9F7616-E982-4E31-B0FC-128163F94546}"
EndProject
Project("{9A19103F-16F7-4668-BE54-9A1E7A4F7556}") = "OcelotApiGw", "ApiGateways\OcelotApiGw\OcelotApiGw.csproj", "{E771E373-DC6A-4B9E-AC31-3A22615A7AA9}"
EndProject
Project("{9A19103F-16F7-4668-BE54-9A1E7A4F7556}") = "Shopping.Aggregator", "ApiGateways\Shopping.Aggregator\Shopping.Aggregator.csproj", "{1746679B-1C14-4D0D-B285-318A27254570}"
EndProject
Project("{2150E333-8FDC-42A3-9474-1A3956D46DE8}") = "WebApps", "WebApps", "{2EFFCC25-0725-458D-A410-950D03E515C8}"
EndProject
Project("{9A19103F-16F7-4668-BE54-9A1E7A4F7556}") = "AspNetRunBasic", "WebApps\AspNetRunBasic\AspNetRunBasic.csproj", "{35E3C2B7-97D8-4064-9F17-19D9512F0FD2}"
EndProject
Global
	GlobalSection(SolutionConfigurationPlatforms) = preSolution
		Debug|Any CPU = Debug|Any CPU
		Release|Any CPU = Release|Any CPU
	EndGlobalSection
	GlobalSection(ProjectConfigurationPlatforms) = postSolution
		{F40A223E-4EBE-4E72-92A2-DD4B71018442}.Debug|Any CPU.ActiveCfg = Debug|Any CPU
		{F40A223E-4EBE-4E72-92A2-DD4B71018442}.Debug|Any CPU.Build.0 = Debug|Any CPU
		{F40A223E-4EBE-4E72-92A2-DD4B71018442}.Release|Any CPU.ActiveCfg = Release|Any CPU
		{F40A223E-4EBE-4E72-92A2-DD4B71018442}.Release|Any CPU.Build.0 = Release|Any CPU
		{66E35E17-D58F-46D6-93FA-0243DE156914}.Debug|Any CPU.ActiveCfg = Debug|Any CPU
		{66E35E17-D58F-46D6-93FA-0243DE156914}.Debug|Any CPU.Build.0 = Debug|Any CPU
		{66E35E17-D58F-46D6-93FA-0243DE156914}.Release|Any CPU.ActiveCfg = Release|Any CPU
		{66E35E17-D58F-46D6-93FA-0243DE156914}.Release|Any CPU.Build.0 = Release|Any CPU
		{C5FD2E45-2A19-45E1-BAE1-79F4204205E4}.Debug|Any CPU.ActiveCfg = Debug|Any CPU
		{C5FD2E45-2A19-45E1-BAE1-79F4204205E4}.Debug|Any CPU.Build.0 = Debug|Any CPU
		{C5FD2E45-2A19-45E1-BAE1-79F4204205E4}.Release|Any CPU.ActiveCfg = Release|Any CPU
		{C5FD2E45-2A19-45E1-BAE1-79F4204205E4}.Release|Any CPU.Build.0 = Release|Any CPU
		{0344D57F-6CED-48C2-9328-09BA370CA7B5}.Debug|Any CPU.ActiveCfg = Debug|Any CPU
		{0344D57F-6CED-48C2-9328-09BA370CA7B5}.Debug|Any CPU.Build.0 = Debug|Any CPU
		{0344D57F-6CED-48C2-9328-09BA370CA7B5}.Release|Any CPU.ActiveCfg = Release|Any CPU
		{0344D57F-6CED-48C2-9328-09BA370CA7B5}.Release|Any CPU.Build.0 = Release|Any CPU
		{EC448166-2A68-44C7-BADD-A77B2CAB43D1}.Debug|Any CPU.ActiveCfg = Debug|Any CPU
		{EC448166-2A68-44C7-BADD-A77B2CAB43D1}.Debug|Any CPU.Build.0 = Debug|Any CPU
		{EC448166-2A68-44C7-BADD-A77B2CAB43D1}.Release|Any CPU.ActiveCfg = Release|Any CPU
		{EC448166-2A68-44C7-BADD-A77B2CAB43D1}.Release|Any CPU.Build.0 = Release|Any CPU
		{C6C2CC31-1C3C-4F73-9333-663CAE740DC1}.Debug|Any CPU.ActiveCfg = Debug|Any CPU
		{C6C2CC31-1C3C-4F73-9333-663CAE740DC1}.Debug|Any CPU.Build.0 = Debug|Any CPU
		{C6C2CC31-1C3C-4F73-9333-663CAE740DC1}.Release|Any CPU.ActiveCfg = Release|Any CPU
		{C6C2CC31-1C3C-4F73-9333-663CAE740DC1}.Release|Any CPU.Build.0 = Release|Any CPU
		{DB3B2926-9E88-4F17-9EB7-56FA2E772C17}.Debug|Any CPU.ActiveCfg = Debug|Any CPU
		{DB3B2926-9E88-4F17-9EB7-56FA2E772C17}.Debug|Any CPU.Build.0 = Debug|Any CPU
		{DB3B2926-9E88-4F17-9EB7-56FA2E772C17}.Release|Any CPU.ActiveCfg = Release|Any CPU
		{DB3B2926-9E88-4F17-9EB7-56FA2E772C17}.Release|Any CPU.Build.0 = Release|Any CPU
		{3188966B-CBDB-4906-A20B-89F17B3BCF74}.Debug|Any CPU.ActiveCfg = Debug|Any CPU
		{3188966B-CBDB-4906-A20B-89F17B3BCF74}.Debug|Any CPU.Build.0 = Debug|Any CPU
		{3188966B-CBDB-4906-A20B-89F17B3BCF74}.Release|Any CPU.ActiveCfg = Release|Any CPU
		{3188966B-CBDB-4906-A20B-89F17B3BCF74}.Release|Any CPU.Build.0 = Release|Any CPU
		{1A755ACB-B8DA-4B7C-973F-C6F25B8F0373}.Debug|Any CPU.ActiveCfg = Debug|Any CPU
		{1A755ACB-B8DA-4B7C-973F-C6F25B8F0373}.Debug|Any CPU.Build.0 = Debug|Any CPU
		{1A755ACB-B8DA-4B7C-973F-C6F25B8F0373}.Release|Any CPU.ActiveCfg = Release|Any CPU
		{1A755ACB-B8DA-4B7C-973F-C6F25B8F0373}.Release|Any CPU.Build.0 = Release|Any CPU
		{5A2CB35A-B919-4531-96A9-42C11FE6CF5A}.Debug|Any CPU.ActiveCfg = Debug|Any CPU
		{5A2CB35A-B919-4531-96A9-42C11FE6CF5A}.Debug|Any CPU.Build.0 = Debug|Any CPU
		{5A2CB35A-B919-4531-96A9-42C11FE6CF5A}.Release|Any CPU.ActiveCfg = Release|Any CPU
		{5A2CB35A-B919-4531-96A9-42C11FE6CF5A}.Release|Any CPU.Build.0 = Release|Any CPU
		{E771E373-DC6A-4B9E-AC31-3A22615A7AA9}.Debug|Any CPU.ActiveCfg = Debug|Any CPU
		{E771E373-DC6A-4B9E-AC31-3A22615A7AA9}.Debug|Any CPU.Build.0 = Debug|Any CPU
		{E771E373-DC6A-4B9E-AC31-3A22615A7AA9}.Release|Any CPU.ActiveCfg = Release|Any CPU
		{E771E373-DC6A-4B9E-AC31-3A22615A7AA9}.Release|Any CPU.Build.0 = Release|Any CPU
		{1746679B-1C14-4D0D-B285-318A27254570}.Debug|Any CPU.ActiveCfg = Debug|Any CPU
		{1746679B-1C14-4D0D-B285-318A27254570}.Debug|Any CPU.Build.0 = Debug|Any CPU
		{1746679B-1C14-4D0D-B285-318A27254570}.Release|Any CPU.ActiveCfg = Release|Any CPU
		{1746679B-1C14-4D0D-B285-318A27254570}.Release|Any CPU.Build.0 = Release|Any CPU
		{35E3C2B7-97D8-4064-9F17-19D9512F0FD2}.Debug|Any CPU.ActiveCfg = Debug|Any CPU
		{35E3C2B7-97D8-4064-9F17-19D9512F0FD2}.Debug|Any CPU.Build.0 = Debug|Any CPU
		{35E3C2B7-97D8-4064-9F17-19D9512F0FD2}.Release|Any CPU.ActiveCfg = Release|Any CPU
		{35E3C2B7-97D8-4064-9F17-19D9512F0FD2}.Release|Any CPU.Build.0 = Release|Any CPU
	EndGlobalSection
	GlobalSection(SolutionProperties) = preSolution
		HideSolutionNode = FALSE
	EndGlobalSection
	GlobalSection(NestedProjects) = preSolution
		{ED7D0093-67AF-4327-819D-CD65665E2BF8} = {04FEA073-B130-4283-992C-2852F5DBF06E}
		{F40A223E-4EBE-4E72-92A2-DD4B71018442} = {ED7D0093-67AF-4327-819D-CD65665E2BF8}
		{BD351691-1D3C-4A5A-AA07-5B650CC604EC} = {04FEA073-B130-4283-992C-2852F5DBF06E}
		{C5FD2E45-2A19-45E1-BAE1-79F4204205E4} = {BD351691-1D3C-4A5A-AA07-5B650CC604EC}
		{D19D0635-2A4B-4549-A03C-00C1037DF7E8} = {04FEA073-B130-4283-992C-2852F5DBF06E}
		{0344D57F-6CED-48C2-9328-09BA370CA7B5} = {D19D0635-2A4B-4549-A03C-00C1037DF7E8}
		{EC448166-2A68-44C7-BADD-A77B2CAB43D1} = {D19D0635-2A4B-4549-A03C-00C1037DF7E8}
		{D74A4B5B-F432-49AD-A0B1-5AE300029AC1} = {04FEA073-B130-4283-992C-2852F5DBF06E}
		{C6C2CC31-1C3C-4F73-9333-663CAE740DC1} = {D74A4B5B-F432-49AD-A0B1-5AE300029AC1}
		{DB3B2926-9E88-4F17-9EB7-56FA2E772C17} = {D74A4B5B-F432-49AD-A0B1-5AE300029AC1}
		{3188966B-CBDB-4906-A20B-89F17B3BCF74} = {D74A4B5B-F432-49AD-A0B1-5AE300029AC1}
		{1A755ACB-B8DA-4B7C-973F-C6F25B8F0373} = {D74A4B5B-F432-49AD-A0B1-5AE300029AC1}
		{5A2CB35A-B919-4531-96A9-42C11FE6CF5A} = {6C0B3B7F-7AB0-4A95-BF43-AE6AC2369283}
		{E771E373-DC6A-4B9E-AC31-3A22615A7AA9} = {AD9F7616-E982-4E31-B0FC-128163F94546}
		{1746679B-1C14-4D0D-B285-318A27254570} = {AD9F7616-E982-4E31-B0FC-128163F94546}
		{35E3C2B7-97D8-4064-9F17-19D9512F0FD2} = {2EFFCC25-0725-458D-A410-950D03E515C8}
	EndGlobalSection
	GlobalSection(ExtensibilityGlobals) = postSolution
		SolutionGuid = {051D7186-52B0-40D6-8C8C-EF6F6A192B28}
	EndGlobalSection
EndGlobal
